
Microsoft Visual Studio Solution File, Format Version 12.00
# Visual Studio 15
VisualStudioVersion = 15.0.26730.12
MinimumVisualStudioVersion = 10.0.40219.1
Project("{FAE04EC0-301F-11D3-BF4B-00C04F79EFBC}") = "HelloWorld", "HelloWorld\HelloWorld.csproj", "{89D9DD2F-5568-4D43-9B86-7DA3E41426E1}"
EndProject
Global
	GlobalSection(SolutionConfigurationPlatforms) = preSolution
		Debug|Any CPU = Debug|Any CPU
		Release|Any CPU = Release|Any CPU
	EndGlobalSection
	GlobalSection(ProjectConfigurationPlatforms) = postSolution
		{89D9DD2F-5568-4D43-9B86-7DA3E41426E1}.Debug|Any CPU.ActiveCfg = Debug|Any CPU
		{89D9DD2F-5568-4D43-9B86-7DA3E41426E1}.Debug|Any CPU.Build.0 = Debug|Any CPU
		{89D9DD2F-5568-4D43-9B86-7DA3E41426E1}.Release|Any CPU.ActiveCfg = Release|Any CPU
		{89D9DD2F-5568-4D43-9B86-7DA3E41426E1}.Release|Any CPU.Build.0 = Release|Any CPU
	EndGlobalSection
	GlobalSection(SolutionProperties) = preSolution
		HideSolutionNode = FALSE
	EndGlobalSection
	GlobalSection(ExtensibilityGlobals) = postSolution
		SolutionGuid = {BDF218CC-69F3-45B6-AE1F-003356A9E137}
	EndGlobalSection
EndGlobal
